// !$*UTF8*$!
{
	archiveVersion = 1;
	classes = {
	};
	objectVersion = 50;
	objects = {

/* Begin PBXBuildFile section */
		D9044C452645130F00DB5A13 /* MainTitleScreenNode.swift in Sources */ = {isa = PBXBuildFile; fileRef = D9044C442645130F00DB5A13 /* MainTitleScreenNode.swift */; };
		D9044C47264521DC00DB5A13 /* OptionsScreenNode.swift in Sources */ = {isa = PBXBuildFile; fileRef = D9044C46264521DC00DB5A13 /* OptionsScreenNode.swift */; };
		D912E2B72605CEF400A6AD88 /* GridBounds.swift in Sources */ = {isa = PBXBuildFile; fileRef = D912E2B62605CEF400A6AD88 /* GridBounds.swift */; };
		D921651925F1F935007005E7 /* BlockTools.swift in Sources */ = {isa = PBXBuildFile; fileRef = D921651825F1F935007005E7 /* BlockTools.swift */; };
		D9241B6C265A3CF2009B4FBD /* ViewController.swift in Sources */ = {isa = PBXBuildFile; fileRef = D9241B6B265A3CF2009B4FBD /* ViewController.swift */; };
		D9241B6D265A3E41009B4FBD /* BlockTools.swift in Sources */ = {isa = PBXBuildFile; fileRef = D921651825F1F935007005E7 /* BlockTools.swift */; };
		D9241B6F265A3E41009B4FBD /* ButtonNode.swift in Sources */ = {isa = PBXBuildFile; fileRef = D9FFD2DA261AEDD10054CEF5 /* ButtonNode.swift */; };
		D9241B70265A3E41009B4FBD /* EventEmitter.swift in Sources */ = {isa = PBXBuildFile; fileRef = D9F344EA261898DF0096183C /* EventEmitter.swift */; };
		D9241B71265A3E41009B4FBD /* FocusManager.swift in Sources */ = {isa = PBXBuildFile; fileRef = D988428C26483F1A0023E8B9 /* FocusManager.swift */; };
		D9241B72265A3E41009B4FBD /* GameOverContainerNode.swift in Sources */ = {isa = PBXBuildFile; fileRef = D9884288264815EC0023E8B9 /* GameOverContainerNode.swift */; };
		D9241B73265A3E41009B4FBD /* GameScene.swift in Sources */ = {isa = PBXBuildFile; fileRef = D945A22C25F18DC600FAE62D /* GameScene.swift */; };
		D9241B74265A3E41009B4FBD /* GameUIContainerNode.swift in Sources */ = {isa = PBXBuildFile; fileRef = D988428A264817A60023E8B9 /* GameUIContainerNode.swift */; };
		D9241B75265A3E41009B4FBD /* GameView.swift in Sources */ = {isa = PBXBuildFile; fileRef = D945A22725F18C4900FAE62D /* GameView.swift */; };
		D9241B76265A3E41009B4FBD /* GridBounds.swift in Sources */ = {isa = PBXBuildFile; fileRef = D912E2B62605CEF400A6AD88 /* GridBounds.swift */; };
		D9241B77265A3E41009B4FBD /* GridCoordinates.swift in Sources */ = {isa = PBXBuildFile; fileRef = D94E81E025FDFCD700F54169 /* GridCoordinates.swift */; };
		D9241B78265A3E41009B4FBD /* GridRow.swift in Sources */ = {isa = PBXBuildFile; fileRef = D94B61A126199CFC0044BD34 /* GridRow.swift */; };
		D9241B79265A3E41009B4FBD /* Keycode.swift in Sources */ = {isa = PBXBuildFile; fileRef = D9AB888E25F3F62300896FDF /* Keycode.swift */; };
		D9241B7A265A3E41009B4FBD /* MainTitleScreenNode.swift in Sources */ = {isa = PBXBuildFile; fileRef = D9044C442645130F00DB5A13 /* MainTitleScreenNode.swift */; };
		D9241B7B265A3E41009B4FBD /* OptionsScreenNode.swift in Sources */ = {isa = PBXBuildFile; fileRef = D9044C46264521DC00DB5A13 /* OptionsScreenNode.swift */; };
		D9241B7C265A3E41009B4FBD /* PieceModel.swift in Sources */ = {isa = PBXBuildFile; fileRef = D9CF6DFE25FCCB5F0068F712 /* PieceModel.swift */; };
		D9241B7D265A3E41009B4FBD /* PieceType.swift in Sources */ = {isa = PBXBuildFile; fileRef = D9A5FFD425F390EF00582E21 /* PieceType.swift */; };
		D9241B7E265A3E41009B4FBD /* ScoreManager.swift in Sources */ = {isa = PBXBuildFile; fileRef = D95AFB652621EEA100A82677 /* ScoreManager.swift */; };
		D9241B7F265A3E41009B4FBD /* SettingsManager.swift in Sources */ = {isa = PBXBuildFile; fileRef = D983367E263D5B220064F53F /* SettingsManager.swift */; };
		D9241B80265A3E41009B4FBD /* SKNodeExtension.swift in Sources */ = {isa = PBXBuildFile; fileRef = D94FFE49263757BD00EA6A09 /* SKNodeExtension.swift */; };
		D9241B81265A3E41009B4FBD /* SoundManager.swift in Sources */ = {isa = PBXBuildFile; fileRef = D9BB3B36263D8D5800FA2707 /* SoundManager.swift */; };
		D9241B82265A3E41009B4FBD /* ToggleButtonNode.swift in Sources */ = {isa = PBXBuildFile; fileRef = D93D7515263CB73600800E8E /* ToggleButtonNode.swift */; };
		D9241B83265A3E4F009B4FBD /* BlockTransformComponent.swift in Sources */ = {isa = PBXBuildFile; fileRef = D9AB889C25F4322200896FDF /* BlockTransformComponent.swift */; };
		D9241B85265A3E4F009B4FBD /* GridBlockContainerComponent.swift in Sources */ = {isa = PBXBuildFile; fileRef = D94B6197261973EA0044BD34 /* GridBlockContainerComponent.swift */; };
		D9241B86265A3E4F009B4FBD /* GridTransformComponent.swift in Sources */ = {isa = PBXBuildFile; fileRef = D9474F3725F4E0300088CAD6 /* GridTransformComponent.swift */; };
		D9241B87265A3E4F009B4FBD /* PieceComponent.swift in Sources */ = {isa = PBXBuildFile; fileRef = D9AB88A025F4364D00896FDF /* PieceComponent.swift */; };
		D9241B88265A3E4F009B4FBD /* GameFallingPieceState.swift in Sources */ = {isa = PBXBuildFile; fileRef = D9474F2B25F4C6B60088CAD6 /* GameFallingPieceState.swift */; };
		D9241B89265A3E4F009B4FBD /* GameIdleState.swift in Sources */ = {isa = PBXBuildFile; fileRef = D9474F2725F4C66B0088CAD6 /* GameIdleState.swift */; };
		D9241B8A265A3E4F009B4FBD /* GameOverState.swift in Sources */ = {isa = PBXBuildFile; fileRef = D9474F3125F4C6E70088CAD6 /* GameOverState.swift */; };
		D9241B8B265A3E4F009B4FBD /* GameResolutionState.swift in Sources */ = {isa = PBXBuildFile; fileRef = D9474F2E25F4C6CF0088CAD6 /* GameResolutionState.swift */; };
		D9241B8C265A3E4F009B4FBD /* GameStateMachine.swift in Sources */ = {isa = PBXBuildFile; fileRef = D985252D26085FF100370D85 /* GameStateMachine.swift */; };
		D9241B8D265A3E4F009B4FBD /* GameMainTitleState.swift in Sources */ = {isa = PBXBuildFile; fileRef = D9AD3B37264090A20019075F /* GameMainTitleState.swift */; };
		D93D7516263CB73700800E8E /* ToggleButtonNode.swift in Sources */ = {isa = PBXBuildFile; fileRef = D93D7515263CB73600800E8E /* ToggleButtonNode.swift */; };
		D945A21125F18B9500FAE62D /* AppDelegate.swift in Sources */ = {isa = PBXBuildFile; fileRef = D945A21025F18B9500FAE62D /* AppDelegate.swift */; };
		D945A21525F18B9700FAE62D /* Assets.xcassets in Resources */ = {isa = PBXBuildFile; fileRef = D945A21425F18B9700FAE62D /* Assets.xcassets */; };
		D945A22825F18C4900FAE62D /* GameView.swift in Sources */ = {isa = PBXBuildFile; fileRef = D945A22725F18C4900FAE62D /* GameView.swift */; };
		D945A22D25F18DC600FAE62D /* GameScene.swift in Sources */ = {isa = PBXBuildFile; fileRef = D945A22C25F18DC600FAE62D /* GameScene.swift */; };
		D9474F2825F4C66B0088CAD6 /* GameIdleState.swift in Sources */ = {isa = PBXBuildFile; fileRef = D9474F2725F4C66B0088CAD6 /* GameIdleState.swift */; };
		D9474F2C25F4C6B60088CAD6 /* GameFallingPieceState.swift in Sources */ = {isa = PBXBuildFile; fileRef = D9474F2B25F4C6B60088CAD6 /* GameFallingPieceState.swift */; };
		D9474F2F25F4C6CF0088CAD6 /* GameResolutionState.swift in Sources */ = {isa = PBXBuildFile; fileRef = D9474F2E25F4C6CF0088CAD6 /* GameResolutionState.swift */; };
		D9474F3225F4C6E70088CAD6 /* GameOverState.swift in Sources */ = {isa = PBXBuildFile; fileRef = D9474F3125F4C6E70088CAD6 /* GameOverState.swift */; };
		D9474F3825F4E0300088CAD6 /* GridTransformComponent.swift in Sources */ = {isa = PBXBuildFile; fileRef = D9474F3725F4E0300088CAD6 /* GridTransformComponent.swift */; };
		D94B6198261973EA0044BD34 /* GridBlockContainerComponent.swift in Sources */ = {isa = PBXBuildFile; fileRef = D94B6197261973EA0044BD34 /* GridBlockContainerComponent.swift */; };
		D94B61A226199CFC0044BD34 /* GridRow.swift in Sources */ = {isa = PBXBuildFile; fileRef = D94B61A126199CFC0044BD34 /* GridRow.swift */; };
		D94E81E125FDFCD700F54169 /* GridCoordinates.swift in Sources */ = {isa = PBXBuildFile; fileRef = D94E81E025FDFCD700F54169 /* GridCoordinates.swift */; };
		D94FFE472637530800EA6A09 /* ButtonManager.swift in Sources */ = {isa = PBXBuildFile; fileRef = D94FFE462637530800EA6A09 /* ButtonManager.swift */; };
		D94FFE4A263757BD00EA6A09 /* SKNodeExtension.swift in Sources */ = {isa = PBXBuildFile; fileRef = D94FFE49263757BD00EA6A09 /* SKNodeExtension.swift */; };
		D951A0E92662706100AC99FC /* SceneSizeAdapterComponent.swift in Sources */ = {isa = PBXBuildFile; fileRef = D951A0E82662706100AC99FC /* SceneSizeAdapterComponent.swift */; };
		D951A0EA2662706100AC99FC /* SceneSizeAdapterComponent.swift in Sources */ = {isa = PBXBuildFile; fileRef = D951A0E82662706100AC99FC /* SceneSizeAdapterComponent.swift */; };
		D95AFB662621EEA100A82677 /* ScoreManager.swift in Sources */ = {isa = PBXBuildFile; fileRef = D95AFB652621EEA100A82677 /* ScoreManager.swift */; };
		D9646666265A4D1000F9FA9D /* UIColor~Helpers.swift in Sources */ = {isa = PBXBuildFile; fileRef = D9646665265A4D1000F9FA9D /* UIColor~Helpers.swift */; };
		D964666A265A99A000F9FA9D /* ButtonManager.swift in Sources */ = {isa = PBXBuildFile; fileRef = D9646669265A99A000F9FA9D /* ButtonManager.swift */; };
		D983367F263D5B220064F53F /* SettingsManager.swift in Sources */ = {isa = PBXBuildFile; fileRef = D983367E263D5B220064F53F /* SettingsManager.swift */; };
		D985252E26085FF100370D85 /* GameStateMachine.swift in Sources */ = {isa = PBXBuildFile; fileRef = D985252D26085FF100370D85 /* GameStateMachine.swift */; };
		D9884289264815EC0023E8B9 /* GameOverContainerNode.swift in Sources */ = {isa = PBXBuildFile; fileRef = D9884288264815EC0023E8B9 /* GameOverContainerNode.swift */; };
		D988428B264817A60023E8B9 /* GameUIContainerNode.swift in Sources */ = {isa = PBXBuildFile; fileRef = D988428A264817A60023E8B9 /* GameUIContainerNode.swift */; };
		D988428D26483F1A0023E8B9 /* FocusManager.swift in Sources */ = {isa = PBXBuildFile; fileRef = D988428C26483F1A0023E8B9 /* FocusManager.swift */; };
		D990A41926617BD2002864B8 /* BlinkComponent.swift in Sources */ = {isa = PBXBuildFile; fileRef = D990A41826617BD2002864B8 /* BlinkComponent.swift */; };
		D990A41A26617BD2002864B8 /* BlinkComponent.swift in Sources */ = {isa = PBXBuildFile; fileRef = D990A41826617BD2002864B8 /* BlinkComponent.swift */; };
		D99888582654E086002A22EA /* AppDelegate.swift in Sources */ = {isa = PBXBuildFile; fileRef = D99888572654E086002A22EA /* AppDelegate.swift */; };
		D99888642654E087002A22EA /* LaunchScreen.storyboard in Resources */ = {isa = PBXBuildFile; fileRef = D99888622654E087002A22EA /* LaunchScreen.storyboard */; };
		D998886B2654E2CF002A22EA /* Assets.xcassets in Resources */ = {isa = PBXBuildFile; fileRef = D945A21425F18B9700FAE62D /* Assets.xcassets */; };
		D9A2CF74265CD9240068D89A /* ValueDisplayNode.swift in Sources */ = {isa = PBXBuildFile; fileRef = D9A2CF73265CD9240068D89A /* ValueDisplayNode.swift */; };
		D9A2CF75265CD9240068D89A /* ValueDisplayNode.swift in Sources */ = {isa = PBXBuildFile; fileRef = D9A2CF73265CD9240068D89A /* ValueDisplayNode.swift */; };
		D9A5FFD525F390EF00582E21 /* PieceType.swift in Sources */ = {isa = PBXBuildFile; fileRef = D9A5FFD425F390EF00582E21 /* PieceType.swift */; };
		D9A5FFE025F3C2A700582E21 /* Background.sks in Resources */ = {isa = PBXBuildFile; fileRef = D9A5FFDF25F3C2A700582E21 /* Background.sks */; };
		D9AB888F25F3F62300896FDF /* Keycode.swift in Sources */ = {isa = PBXBuildFile; fileRef = D9AB888E25F3F62300896FDF /* Keycode.swift */; };
		D9AB889D25F4322200896FDF /* BlockTransformComponent.swift in Sources */ = {isa = PBXBuildFile; fileRef = D9AB889C25F4322200896FDF /* BlockTransformComponent.swift */; };
		D9AB88A125F4364D00896FDF /* PieceComponent.swift in Sources */ = {isa = PBXBuildFile; fileRef = D9AB88A025F4364D00896FDF /* PieceComponent.swift */; };
		D9AD3B38264090A20019075F /* GameMainTitleState.swift in Sources */ = {isa = PBXBuildFile; fileRef = D9AD3B37264090A20019075F /* GameMainTitleState.swift */; };
		D9AF394E26603C70003612D1 /* SF-Mono-Light.otf in Resources */ = {isa = PBXBuildFile; fileRef = D9AF394D26603C70003612D1 /* SF-Mono-Light.otf */; };
		D9B8D960265AB9110008FCD1 /* Sounds in Resources */ = {isa = PBXBuildFile; fileRef = D9BB3B34263D8A7800FA2707 /* Sounds */; };
		D9B8D961265AB9150008FCD1 /* Background.sks in Resources */ = {isa = PBXBuildFile; fileRef = D9A5FFDF25F3C2A700582E21 /* Background.sks */; };
		D9B8D964265ABC950008FCD1 /* LondrinaSolid-Regular.ttf in Resources */ = {isa = PBXBuildFile; fileRef = D9FFD2D5261AE8470054CEF5 /* LondrinaSolid-Regular.ttf */; };
		D9BB3B35263D8A7800FA2707 /* Sounds in Resources */ = {isa = PBXBuildFile; fileRef = D9BB3B34263D8A7800FA2707 /* Sounds */; };
		D9BB3B37263D8D5800FA2707 /* SoundManager.swift in Sources */ = {isa = PBXBuildFile; fileRef = D9BB3B36263D8D5800FA2707 /* SoundManager.swift */; };
		D9CF6DFF25FCCB5F0068F712 /* PieceModel.swift in Sources */ = {isa = PBXBuildFile; fileRef = D9CF6DFE25FCCB5F0068F712 /* PieceModel.swift */; };
		D9F344EB261898DF0096183C /* EventEmitter.swift in Sources */ = {isa = PBXBuildFile; fileRef = D9F344EA261898DF0096183C /* EventEmitter.swift */; };
		D9FFD2D7261AE8A90054CEF5 /* LondrinaSolid-Regular.ttf in CopyFiles */ = {isa = PBXBuildFile; fileRef = D9FFD2D5261AE8470054CEF5 /* LondrinaSolid-Regular.ttf */; };
		D9FFD2DB261AEDD10054CEF5 /* ButtonNode.swift in Sources */ = {isa = PBXBuildFile; fileRef = D9FFD2DA261AEDD10054CEF5 /* ButtonNode.swift */; };
/* End PBXBuildFile section */

/* Begin PBXCopyFilesBuildPhase section */
		D9FFD2D6261AE89E0054CEF5 /* CopyFiles */ = {
			isa = PBXCopyFilesBuildPhase;
			buildActionMask = 2147483647;
			dstPath = Fonts;
			dstSubfolderSpec = 7;
			files = (
				D9FFD2D7261AE8A90054CEF5 /* LondrinaSolid-Regular.ttf in CopyFiles */,
			);
			runOnlyForDeploymentPostprocessing = 0;
		};
/* End PBXCopyFilesBuildPhase section */

/* Begin PBXFileReference section */
		D9044C442645130F00DB5A13 /* MainTitleScreenNode.swift */ = {isa = PBXFileReference; lastKnownFileType = sourcecode.swift; path = MainTitleScreenNode.swift; sourceTree = "<group>"; };
		D9044C46264521DC00DB5A13 /* OptionsScreenNode.swift */ = {isa = PBXFileReference; lastKnownFileType = sourcecode.swift; path = OptionsScreenNode.swift; sourceTree = "<group>"; };
		D912E2B62605CEF400A6AD88 /* GridBounds.swift */ = {isa = PBXFileReference; lastKnownFileType = sourcecode.swift; path = GridBounds.swift; sourceTree = "<group>"; };
		D921651825F1F935007005E7 /* BlockTools.swift */ = {isa = PBXFileReference; lastKnownFileType = sourcecode.swift; path = BlockTools.swift; sourceTree = "<group>"; };
		D9241B6B265A3CF2009B4FBD /* ViewController.swift */ = {isa = PBXFileReference; lastKnownFileType = sourcecode.swift; path = ViewController.swift; sourceTree = "<group>"; };
		D93D7515263CB73600800E8E /* ToggleButtonNode.swift */ = {isa = PBXFileReference; fileEncoding = 4; lastKnownFileType = sourcecode.swift; path = ToggleButtonNode.swift; sourceTree = "<group>"; };
		D945A20D25F18B9500FAE62D /* SKTetris-macOS.app */ = {isa = PBXFileReference; explicitFileType = wrapper.application; includeInIndex = 0; path = "SKTetris-macOS.app"; sourceTree = BUILT_PRODUCTS_DIR; };
		D945A21025F18B9500FAE62D /* AppDelegate.swift */ = {isa = PBXFileReference; lastKnownFileType = sourcecode.swift; path = AppDelegate.swift; sourceTree = "<group>"; };
		D945A21425F18B9700FAE62D /* Assets.xcassets */ = {isa = PBXFileReference; lastKnownFileType = folder.assetcatalog; path = Assets.xcassets; sourceTree = "<group>"; };
		D945A21C25F18B9700FAE62D /* Info.plist */ = {isa = PBXFileReference; lastKnownFileType = text.plist.xml; path = Info.plist; sourceTree = "<group>"; };
		D945A21D25F18B9700FAE62D /* SKTetris.entitlements */ = {isa = PBXFileReference; lastKnownFileType = text.plist.entitlements; path = SKTetris.entitlements; sourceTree = "<group>"; };
		D945A22725F18C4900FAE62D /* GameView.swift */ = {isa = PBXFileReference; lastKnownFileType = sourcecode.swift; path = GameView.swift; sourceTree = "<group>"; };
		D945A22C25F18DC600FAE62D /* GameScene.swift */ = {isa = PBXFileReference; lastKnownFileType = sourcecode.swift; path = GameScene.swift; sourceTree = "<group>"; };
		D9474F2725F4C66B0088CAD6 /* GameIdleState.swift */ = {isa = PBXFileReference; lastKnownFileType = sourcecode.swift; path = GameIdleState.swift; sourceTree = "<group>"; };
		D9474F2B25F4C6B60088CAD6 /* GameFallingPieceState.swift */ = {isa = PBXFileReference; lastKnownFileType = sourcecode.swift; path = GameFallingPieceState.swift; sourceTree = "<group>"; };
		D9474F2E25F4C6CF0088CAD6 /* GameResolutionState.swift */ = {isa = PBXFileReference; lastKnownFileType = sourcecode.swift; path = GameResolutionState.swift; sourceTree = "<group>"; };
		D9474F3125F4C6E70088CAD6 /* GameOverState.swift */ = {isa = PBXFileReference; lastKnownFileType = sourcecode.swift; path = GameOverState.swift; sourceTree = "<group>"; };
		D9474F3725F4E0300088CAD6 /* GridTransformComponent.swift */ = {isa = PBXFileReference; lastKnownFileType = sourcecode.swift; path = GridTransformComponent.swift; sourceTree = "<group>"; };
		D94B6197261973EA0044BD34 /* GridBlockContainerComponent.swift */ = {isa = PBXFileReference; lastKnownFileType = sourcecode.swift; path = GridBlockContainerComponent.swift; sourceTree = "<group>"; };
		D94B61A126199CFC0044BD34 /* GridRow.swift */ = {isa = PBXFileReference; fileEncoding = 4; lastKnownFileType = sourcecode.swift; path = GridRow.swift; sourceTree = "<group>"; };
		D94E81E025FDFCD700F54169 /* GridCoordinates.swift */ = {isa = PBXFileReference; lastKnownFileType = sourcecode.swift; path = GridCoordinates.swift; sourceTree = "<group>"; };
		D94FFE462637530800EA6A09 /* ButtonManager.swift */ = {isa = PBXFileReference; lastKnownFileType = sourcecode.swift; path = ButtonManager.swift; sourceTree = "<group>"; };
		D94FFE49263757BD00EA6A09 /* SKNodeExtension.swift */ = {isa = PBXFileReference; lastKnownFileType = sourcecode.swift; path = SKNodeExtension.swift; sourceTree = "<group>"; };
		D951A0E82662706100AC99FC /* SceneSizeAdapterComponent.swift */ = {isa = PBXFileReference; lastKnownFileType = sourcecode.swift; path = SceneSizeAdapterComponent.swift; sourceTree = "<group>"; };
		D953F018262C68B100BBDF58 /* README.md */ = {isa = PBXFileReference; lastKnownFileType = net.daringfireball.markdown; path = README.md; sourceTree = "<group>"; };
		D95AFB652621EEA100A82677 /* ScoreManager.swift */ = {isa = PBXFileReference; lastKnownFileType = sourcecode.swift; path = ScoreManager.swift; sourceTree = "<group>"; };
		D9646665265A4D1000F9FA9D /* UIColor~Helpers.swift */ = {isa = PBXFileReference; lastKnownFileType = sourcecode.swift; path = "UIColor~Helpers.swift"; sourceTree = "<group>"; };
		D9646669265A99A000F9FA9D /* ButtonManager.swift */ = {isa = PBXFileReference; lastKnownFileType = sourcecode.swift; path = ButtonManager.swift; sourceTree = "<group>"; };
		D983367E263D5B220064F53F /* SettingsManager.swift */ = {isa = PBXFileReference; lastKnownFileType = sourcecode.swift; path = SettingsManager.swift; sourceTree = "<group>"; };
		D985252D26085FF100370D85 /* GameStateMachine.swift */ = {isa = PBXFileReference; lastKnownFileType = sourcecode.swift; path = GameStateMachine.swift; sourceTree = "<group>"; };
		D9884288264815EC0023E8B9 /* GameOverContainerNode.swift */ = {isa = PBXFileReference; lastKnownFileType = sourcecode.swift; path = GameOverContainerNode.swift; sourceTree = "<group>"; };
		D988428A264817A60023E8B9 /* GameUIContainerNode.swift */ = {isa = PBXFileReference; lastKnownFileType = sourcecode.swift; path = GameUIContainerNode.swift; sourceTree = "<group>"; };
		D988428C26483F1A0023E8B9 /* FocusManager.swift */ = {isa = PBXFileReference; lastKnownFileType = sourcecode.swift; path = FocusManager.swift; sourceTree = "<group>"; };
		D990A41826617BD2002864B8 /* BlinkComponent.swift */ = {isa = PBXFileReference; lastKnownFileType = sourcecode.swift; path = BlinkComponent.swift; sourceTree = "<group>"; };
		D99888552654E086002A22EA /* SKTetris-iOS.app */ = {isa = PBXFileReference; explicitFileType = wrapper.application; includeInIndex = 0; path = "SKTetris-iOS.app"; sourceTree = BUILT_PRODUCTS_DIR; };
		D99888572654E086002A22EA /* AppDelegate.swift */ = {isa = PBXFileReference; lastKnownFileType = sourcecode.swift; path = AppDelegate.swift; sourceTree = "<group>"; };
		D99888632654E087002A22EA /* Base */ = {isa = PBXFileReference; lastKnownFileType = file.storyboard; name = Base; path = Base.lproj/LaunchScreen.storyboard; sourceTree = "<group>"; };
		D99888652654E087002A22EA /* Info.plist */ = {isa = PBXFileReference; lastKnownFileType = text.plist.xml; path = Info.plist; sourceTree = "<group>"; };
		D998886A2654E1C6002A22EA /* CHANGELOG.md */ = {isa = PBXFileReference; lastKnownFileType = net.daringfireball.markdown; path = CHANGELOG.md; sourceTree = "<group>"; };
		D9A2CF73265CD9240068D89A /* ValueDisplayNode.swift */ = {isa = PBXFileReference; lastKnownFileType = sourcecode.swift; path = ValueDisplayNode.swift; sourceTree = "<group>"; };
		D9A5FFD425F390EF00582E21 /* PieceType.swift */ = {isa = PBXFileReference; lastKnownFileType = sourcecode.swift; path = PieceType.swift; sourceTree = "<group>"; };
		D9A5FFDF25F3C2A700582E21 /* Background.sks */ = {isa = PBXFileReference; lastKnownFileType = file.sks; path = Background.sks; sourceTree = "<group>"; };
		D9AB888E25F3F62300896FDF /* Keycode.swift */ = {isa = PBXFileReference; fileEncoding = 4; lastKnownFileType = sourcecode.swift; path = Keycode.swift; sourceTree = "<group>"; };
		D9AB889C25F4322200896FDF /* BlockTransformComponent.swift */ = {isa = PBXFileReference; lastKnownFileType = sourcecode.swift; path = BlockTransformComponent.swift; sourceTree = "<group>"; };
		D9AB88A025F4364D00896FDF /* PieceComponent.swift */ = {isa = PBXFileReference; lastKnownFileType = sourcecode.swift; path = PieceComponent.swift; sourceTree = "<group>"; };
		D9AD3B37264090A20019075F /* GameMainTitleState.swift */ = {isa = PBXFileReference; lastKnownFileType = sourcecode.swift; path = GameMainTitleState.swift; sourceTree = "<group>"; };
		D9AF394D26603C70003612D1 /* SF-Mono-Light.otf */ = {isa = PBXFileReference; lastKnownFileType = file; path = "SF-Mono-Light.otf"; sourceTree = "<group>"; };
		D9BB3B34263D8A7800FA2707 /* Sounds */ = {isa = PBXFileReference; lastKnownFileType = folder; path = Sounds; sourceTree = "<group>"; };
		D9BB3B36263D8D5800FA2707 /* SoundManager.swift */ = {isa = PBXFileReference; lastKnownFileType = sourcecode.swift; path = SoundManager.swift; sourceTree = "<group>"; };
		D9CF6DFE25FCCB5F0068F712 /* PieceModel.swift */ = {isa = PBXFileReference; lastKnownFileType = sourcecode.swift; path = PieceModel.swift; sourceTree = "<group>"; };
		D9F344EA261898DF0096183C /* EventEmitter.swift */ = {isa = PBXFileReference; lastKnownFileType = sourcecode.swift; path = EventEmitter.swift; sourceTree = "<group>"; };
		D9FFD2D5261AE8470054CEF5 /* LondrinaSolid-Regular.ttf */ = {isa = PBXFileReference; lastKnownFileType = file; path = "LondrinaSolid-Regular.ttf"; sourceTree = "<group>"; };
		D9FFD2DA261AEDD10054CEF5 /* ButtonNode.swift */ = {isa = PBXFileReference; lastKnownFileType = sourcecode.swift; path = ButtonNode.swift; sourceTree = "<group>"; };
/* End PBXFileReference section */

/* Begin PBXFrameworksBuildPhase section */
		D945A20A25F18B9500FAE62D /* Frameworks */ = {
			isa = PBXFrameworksBuildPhase;
			buildActionMask = 2147483647;
			files = (
			);
			runOnlyForDeploymentPostprocessing = 0;
		};
		D99888522654E086002A22EA /* Frameworks */ = {
			isa = PBXFrameworksBuildPhase;
			buildActionMask = 2147483647;
			files = (
			);
			runOnlyForDeploymentPostprocessing = 0;
		};
/* End PBXFrameworksBuildPhase section */

/* Begin PBXGroup section */
		D945A20425F18B9500FAE62D = {
			isa = PBXGroup;
			children = (
				D998886A2654E1C6002A22EA /* CHANGELOG.md */,
				D953F018262C68B100BBDF58 /* README.md */,
				D945A20E25F18B9500FAE62D /* Products */,
				D99888692654E185002A22EA /* Shared */,
				D99888562654E086002A22EA /* SKTetris-iOS */,
				D945A20F25F18B9500FAE62D /* SKTetris-macOS */,
			);
			sourceTree = "<group>";
		};
		D945A20E25F18B9500FAE62D /* Products */ = {
			isa = PBXGroup;
			children = (
				D945A20D25F18B9500FAE62D /* SKTetris-macOS.app */,
				D99888552654E086002A22EA /* SKTetris-iOS.app */,
			);
			name = Products;
			sourceTree = "<group>";
		};
		D945A20F25F18B9500FAE62D /* SKTetris-macOS */ = {
			isa = PBXGroup;
			children = (
				D945A21D25F18B9700FAE62D /* SKTetris.entitlements */,
				D945A21C25F18B9700FAE62D /* Info.plist */,
				D945A21025F18B9500FAE62D /* AppDelegate.swift */,
				D94FFE462637530800EA6A09 /* ButtonManager.swift */,
			);
			path = "SKTetris-macOS";
			sourceTree = "<group>";
		};
		D9474F2625F4C6460088CAD6 /* States */ = {
			isa = PBXGroup;
			children = (
				D9474F2B25F4C6B60088CAD6 /* GameFallingPieceState.swift */,
				D9474F2725F4C66B0088CAD6 /* GameIdleState.swift */,
				D9474F3125F4C6E70088CAD6 /* GameOverState.swift */,
				D9474F2E25F4C6CF0088CAD6 /* GameResolutionState.swift */,
				D985252D26085FF100370D85 /* GameStateMachine.swift */,
				D9AD3B37264090A20019075F /* GameMainTitleState.swift */,
			);
			path = States;
			sourceTree = "<group>";
		};
		D99888562654E086002A22EA /* SKTetris-iOS */ = {
			isa = PBXGroup;
			children = (
				D99888652654E087002A22EA /* Info.plist */,
				D99888572654E086002A22EA /* AppDelegate.swift */,
				D9646669265A99A000F9FA9D /* ButtonManager.swift */,
				D9646665265A4D1000F9FA9D /* UIColor~Helpers.swift */,
				D9241B6B265A3CF2009B4FBD /* ViewController.swift */,
				D99888622654E087002A22EA /* LaunchScreen.storyboard */,
			);
			path = "SKTetris-iOS";
			sourceTree = "<group>";
		};
		D99888692654E185002A22EA /* Shared */ = {
			isa = PBXGroup;
			children = (
				D9BB3B34263D8A7800FA2707 /* Sounds */,
				D9A5FFDF25F3C2A700582E21 /* Background.sks */,
				D945A21425F18B9700FAE62D /* Assets.xcassets */,
				D9FFD2D4261AE82B0054CEF5 /* Fonts */,
				D9A5FFDA25F395D100582E21 /* Sources */,
			);
			path = Shared;
			sourceTree = "<group>";
		};
		D9A5FFDA25F395D100582E21 /* Sources */ = {
			isa = PBXGroup;
			children = (
				D921651825F1F935007005E7 /* BlockTools.swift */,
				D9FFD2DA261AEDD10054CEF5 /* ButtonNode.swift */,
				D9F344EA261898DF0096183C /* EventEmitter.swift */,
				D988428C26483F1A0023E8B9 /* FocusManager.swift */,
				D9884288264815EC0023E8B9 /* GameOverContainerNode.swift */,
				D945A22C25F18DC600FAE62D /* GameScene.swift */,
				D988428A264817A60023E8B9 /* GameUIContainerNode.swift */,
				D945A22725F18C4900FAE62D /* GameView.swift */,
				D912E2B62605CEF400A6AD88 /* GridBounds.swift */,
				D94E81E025FDFCD700F54169 /* GridCoordinates.swift */,
				D94B61A126199CFC0044BD34 /* GridRow.swift */,
				D9AB888E25F3F62300896FDF /* Keycode.swift */,
				D9044C442645130F00DB5A13 /* MainTitleScreenNode.swift */,
				D9044C46264521DC00DB5A13 /* OptionsScreenNode.swift */,
				D9CF6DFE25FCCB5F0068F712 /* PieceModel.swift */,
				D9A5FFD425F390EF00582E21 /* PieceType.swift */,
				D95AFB652621EEA100A82677 /* ScoreManager.swift */,
				D983367E263D5B220064F53F /* SettingsManager.swift */,
				D94FFE49263757BD00EA6A09 /* SKNodeExtension.swift */,
				D9BB3B36263D8D5800FA2707 /* SoundManager.swift */,
				D93D7515263CB73600800E8E /* ToggleButtonNode.swift */,
				D9AB889B25F4320200896FDF /* Components */,
				D9474F2625F4C6460088CAD6 /* States */,
				D9A2CF73265CD9240068D89A /* ValueDisplayNode.swift */,
			);
			path = Sources;
			sourceTree = "<group>";
		};
		D9AB889B25F4320200896FDF /* Components */ = {
			isa = PBXGroup;
			children = (
				D9AB889C25F4322200896FDF /* BlockTransformComponent.swift */,
				D94B6197261973EA0044BD34 /* GridBlockContainerComponent.swift */,
				D9474F3725F4E0300088CAD6 /* GridTransformComponent.swift */,
				D9AB88A025F4364D00896FDF /* PieceComponent.swift */,
				D990A41826617BD2002864B8 /* BlinkComponent.swift */,
				D951A0E82662706100AC99FC /* SceneSizeAdapterComponent.swift */,
			);
			path = Components;
			sourceTree = "<group>";
		};
		D9FFD2D4261AE82B0054CEF5 /* Fonts */ = {
			isa = PBXGroup;
			children = (
				D9AF394D26603C70003612D1 /* SF-Mono-Light.otf */,
				D9FFD2D5261AE8470054CEF5 /* LondrinaSolid-Regular.ttf */,
			);
			path = Fonts;
			sourceTree = "<group>";
		};
/* End PBXGroup section */

/* Begin PBXNativeTarget section */
		D945A20C25F18B9500FAE62D /* SKTetris-macOS */ = {
			isa = PBXNativeTarget;
			buildConfigurationList = D945A22025F18B9700FAE62D /* Build configuration list for PBXNativeTarget "SKTetris-macOS" */;
			buildPhases = (
				D945A20925F18B9500FAE62D /* Sources */,
				D945A20A25F18B9500FAE62D /* Frameworks */,
				D945A20B25F18B9500FAE62D /* Resources */,
				D9FFD2D6261AE89E0054CEF5 /* CopyFiles */,
			);
			buildRules = (
			);
			dependencies = (
			);
			name = "SKTetris-macOS";
			productName = Tetris;
			productReference = D945A20D25F18B9500FAE62D /* SKTetris-macOS.app */;
			productType = "com.apple.product-type.application";
		};
		D99888542654E086002A22EA /* SKTetris-iOS */ = {
			isa = PBXNativeTarget;
			buildConfigurationList = D99888662654E087002A22EA /* Build configuration list for PBXNativeTarget "SKTetris-iOS" */;
			buildPhases = (
				D99888512654E086002A22EA /* Sources */,
				D99888522654E086002A22EA /* Frameworks */,
				D99888532654E086002A22EA /* Resources */,
			);
			buildRules = (
			);
			dependencies = (
			);
			name = "SKTetris-iOS";
			productName = "SKTetris-iOS";
			productReference = D99888552654E086002A22EA /* SKTetris-iOS.app */;
			productType = "com.apple.product-type.application";
		};
/* End PBXNativeTarget section */

/* Begin PBXProject section */
		D945A20525F18B9500FAE62D /* Project object */ = {
			isa = PBXProject;
			attributes = {
				LastSwiftUpdateCheck = 1250;
				LastUpgradeCheck = 1250;
				TargetAttributes = {
					D945A20C25F18B9500FAE62D = {
						CreatedOnToolsVersion = 12.4;
					};
					D99888542654E086002A22EA = {
						CreatedOnToolsVersion = 12.5;
					};
				};
			};
			buildConfigurationList = D945A20825F18B9500FAE62D /* Build configuration list for PBXProject "SKTetris" */;
			compatibilityVersion = "Xcode 9.3";
			developmentRegion = en;
			hasScannedForEncodings = 0;
			knownRegions = (
				en,
				Base,
			);
			mainGroup = D945A20425F18B9500FAE62D;
			productRefGroup = D945A20E25F18B9500FAE62D /* Products */;
			projectDirPath = "";
			projectRoot = "";
			targets = (
				D945A20C25F18B9500FAE62D /* SKTetris-macOS */,
				D99888542654E086002A22EA /* SKTetris-iOS */,
			);
		};
/* End PBXProject section */

/* Begin PBXResourcesBuildPhase section */
		D945A20B25F18B9500FAE62D /* Resources */ = {
			isa = PBXResourcesBuildPhase;
			buildActionMask = 2147483647;
			files = (
				D9BB3B35263D8A7800FA2707 /* Sounds in Resources */,
				D945A21525F18B9700FAE62D /* Assets.xcassets in Resources */,
				D9A5FFE025F3C2A700582E21 /* Background.sks in Resources */,
			);
			runOnlyForDeploymentPostprocessing = 0;
		};
		D99888532654E086002A22EA /* Resources */ = {
			isa = PBXResourcesBuildPhase;
			buildActionMask = 2147483647;
			files = (
				D9AF394E26603C70003612D1 /* SF-Mono-Light.otf in Resources */,
				D9B8D964265ABC950008FCD1 /* LondrinaSolid-Regular.ttf in Resources */,
				D9B8D960265AB9110008FCD1 /* Sounds in Resources */,
				D99888642654E087002A22EA /* LaunchScreen.storyboard in Resources */,
				D998886B2654E2CF002A22EA /* Assets.xcassets in Resources */,
				D9B8D961265AB9150008FCD1 /* Background.sks in Resources */,
			);
			runOnlyForDeploymentPostprocessing = 0;
		};
/* End PBXResourcesBuildPhase section */

/* Begin PBXSourcesBuildPhase section */
		D945A20925F18B9500FAE62D /* Sources */ = {
			isa = PBXSourcesBuildPhase;
			buildActionMask = 2147483647;
			files = (
				D912E2B72605CEF400A6AD88 /* GridBounds.swift in Sources */,
				D9044C452645130F00DB5A13 /* MainTitleScreenNode.swift in Sources */,
				D9AB88A125F4364D00896FDF /* PieceComponent.swift in Sources */,
				D945A22D25F18DC600FAE62D /* GameScene.swift in Sources */,
				D94B61A226199CFC0044BD34 /* GridRow.swift in Sources */,
				D945A22825F18C4900FAE62D /* GameView.swift in Sources */,
				D990A41926617BD2002864B8 /* BlinkComponent.swift in Sources */,
				D9BB3B37263D8D5800FA2707 /* SoundManager.swift in Sources */,
				D94B6198261973EA0044BD34 /* GridBlockContainerComponent.swift in Sources */,
				D9044C47264521DC00DB5A13 /* OptionsScreenNode.swift in Sources */,
				D9474F2F25F4C6CF0088CAD6 /* GameResolutionState.swift in Sources */,
				D9F344EB261898DF0096183C /* EventEmitter.swift in Sources */,
				D94FFE4A263757BD00EA6A09 /* SKNodeExtension.swift in Sources */,
				D9474F2C25F4C6B60088CAD6 /* GameFallingPieceState.swift in Sources */,
				D93D7516263CB73700800E8E /* ToggleButtonNode.swift in Sources */,
				D9A2CF74265CD9240068D89A /* ValueDisplayNode.swift in Sources */,
				D985252E26085FF100370D85 /* GameStateMachine.swift in Sources */,
				D94FFE472637530800EA6A09 /* ButtonManager.swift in Sources */,
				D95AFB662621EEA100A82677 /* ScoreManager.swift in Sources */,
				D9CF6DFF25FCCB5F0068F712 /* PieceModel.swift in Sources */,
				D9AB888F25F3F62300896FDF /* Keycode.swift in Sources */,
				D988428D26483F1A0023E8B9 /* FocusManager.swift in Sources */,
				D983367F263D5B220064F53F /* SettingsManager.swift in Sources */,
				D9884289264815EC0023E8B9 /* GameOverContainerNode.swift in Sources */,
				D9FFD2DB261AEDD10054CEF5 /* ButtonNode.swift in Sources */,
				D9AB889D25F4322200896FDF /* BlockTransformComponent.swift in Sources */,
				D9474F3225F4C6E70088CAD6 /* GameOverState.swift in Sources */,
				D951A0E92662706100AC99FC /* SceneSizeAdapterComponent.swift in Sources */,
				D988428B264817A60023E8B9 /* GameUIContainerNode.swift in Sources */,
				D9A5FFD525F390EF00582E21 /* PieceType.swift in Sources */,
				D9474F3825F4E0300088CAD6 /* GridTransformComponent.swift in Sources */,
				D945A21125F18B9500FAE62D /* AppDelegate.swift in Sources */,
				D9474F2825F4C66B0088CAD6 /* GameIdleState.swift in Sources */,
				D921651925F1F935007005E7 /* BlockTools.swift in Sources */,
				D94E81E125FDFCD700F54169 /* GridCoordinates.swift in Sources */,
				D9AD3B38264090A20019075F /* GameMainTitleState.swift in Sources */,
			);
			runOnlyForDeploymentPostprocessing = 0;
		};
		D99888512654E086002A22EA /* Sources */ = {
			isa = PBXSourcesBuildPhase;
			buildActionMask = 2147483647;
			files = (
				D9241B83265A3E4F009B4FBD /* BlockTransformComponent.swift in Sources */,
				D9241B85265A3E4F009B4FBD /* GridBlockContainerComponent.swift in Sources */,
				D9241B86265A3E4F009B4FBD /* GridTransformComponent.swift in Sources */,
				D9241B87265A3E4F009B4FBD /* PieceComponent.swift in Sources */,
				D9241B88265A3E4F009B4FBD /* GameFallingPieceState.swift in Sources */,
				D9241B89265A3E4F009B4FBD /* GameIdleState.swift in Sources */,
				D9241B8A265A3E4F009B4FBD /* GameOverState.swift in Sources */,
				D990A41A26617BD2002864B8 /* BlinkComponent.swift in Sources */,
				D9241B8B265A3E4F009B4FBD /* GameResolutionState.swift in Sources */,
				D9241B8C265A3E4F009B4FBD /* GameStateMachine.swift in Sources */,
				D9241B8D265A3E4F009B4FBD /* GameMainTitleState.swift in Sources */,
				D9241B6D265A3E41009B4FBD /* BlockTools.swift in Sources */,
				D9241B6F265A3E41009B4FBD /* ButtonNode.swift in Sources */,
				D9241B70265A3E41009B4FBD /* EventEmitter.swift in Sources */,
				D9241B71265A3E41009B4FBD /* FocusManager.swift in Sources */,
				D9241B72265A3E41009B4FBD /* GameOverContainerNode.swift in Sources */,
				D9241B73265A3E41009B4FBD /* GameScene.swift in Sources */,
				D964666A265A99A000F9FA9D /* ButtonManager.swift in Sources */,
				D9241B74265A3E41009B4FBD /* GameUIContainerNode.swift in Sources */,
				D9241B75265A3E41009B4FBD /* GameView.swift in Sources */,
				D9241B76265A3E41009B4FBD /* GridBounds.swift in Sources */,
				D9241B77265A3E41009B4FBD /* GridCoordinates.swift in Sources */,
				D9646666265A4D1000F9FA9D /* UIColor~Helpers.swift in Sources */,
				D9241B78265A3E41009B4FBD /* GridRow.swift in Sources */,
				D9241B79265A3E41009B4FBD /* Keycode.swift in Sources */,
				D9241B7A265A3E41009B4FBD /* MainTitleScreenNode.swift in Sources */,
				D9241B7B265A3E41009B4FBD /* OptionsScreenNode.swift in Sources */,
				D9A2CF75265CD9240068D89A /* ValueDisplayNode.swift in Sources */,
				D9241B7C265A3E41009B4FBD /* PieceModel.swift in Sources */,
				D9241B7D265A3E41009B4FBD /* PieceType.swift in Sources */,
				D9241B7E265A3E41009B4FBD /* ScoreManager.swift in Sources */,
				D9241B7F265A3E41009B4FBD /* SettingsManager.swift in Sources */,
				D9241B80265A3E41009B4FBD /* SKNodeExtension.swift in Sources */,
				D9241B81265A3E41009B4FBD /* SoundManager.swift in Sources */,
				D9241B82265A3E41009B4FBD /* ToggleButtonNode.swift in Sources */,
				D9241B6C265A3CF2009B4FBD /* ViewController.swift in Sources */,
				D99888582654E086002A22EA /* AppDelegate.swift in Sources */,
				D951A0EA2662706100AC99FC /* SceneSizeAdapterComponent.swift in Sources */,
			);
			runOnlyForDeploymentPostprocessing = 0;
		};
/* End PBXSourcesBuildPhase section */

/* Begin PBXVariantGroup section */
		D99888622654E087002A22EA /* LaunchScreen.storyboard */ = {
			isa = PBXVariantGroup;
			children = (
				D99888632654E087002A22EA /* Base */,
			);
			name = LaunchScreen.storyboard;
			sourceTree = "<group>";
		};
/* End PBXVariantGroup section */

/* Begin XCBuildConfiguration section */
		D945A21E25F18B9700FAE62D /* Debug */ = {
			isa = XCBuildConfiguration;
			buildSettings = {
				ALWAYS_SEARCH_USER_PATHS = NO;
				CLANG_ANALYZER_NONNULL = YES;
				CLANG_ANALYZER_NUMBER_OBJECT_CONVERSION = YES_AGGRESSIVE;
				CLANG_CXX_LANGUAGE_STANDARD = "gnu++14";
				CLANG_CXX_LIBRARY = "libc++";
				CLANG_ENABLE_MODULES = YES;
				CLANG_ENABLE_OBJC_ARC = YES;
				CLANG_ENABLE_OBJC_WEAK = YES;
				CLANG_WARN_BLOCK_CAPTURE_AUTORELEASING = YES;
				CLANG_WARN_BOOL_CONVERSION = YES;
				CLANG_WARN_COMMA = YES;
				CLANG_WARN_CONSTANT_CONVERSION = YES;
				CLANG_WARN_DEPRECATED_OBJC_IMPLEMENTATIONS = YES;
				CLANG_WARN_DIRECT_OBJC_ISA_USAGE = YES_ERROR;
				CLANG_WARN_DOCUMENTATION_COMMENTS = YES;
				CLANG_WARN_EMPTY_BODY = YES;
				CLANG_WARN_ENUM_CONVERSION = YES;
				CLANG_WARN_INFINITE_RECURSION = YES;
				CLANG_WARN_INT_CONVERSION = YES;
				CLANG_WARN_NON_LITERAL_NULL_CONVERSION = YES;
				CLANG_WARN_OBJC_IMPLICIT_RETAIN_SELF = YES;
				CLANG_WARN_OBJC_LITERAL_CONVERSION = YES;
				CLANG_WARN_OBJC_ROOT_CLASS = YES_ERROR;
				CLANG_WARN_QUOTED_INCLUDE_IN_FRAMEWORK_HEADER = YES;
				CLANG_WARN_RANGE_LOOP_ANALYSIS = YES;
				CLANG_WARN_STRICT_PROTOTYPES = YES;
				CLANG_WARN_SUSPICIOUS_MOVE = YES;
				CLANG_WARN_UNGUARDED_AVAILABILITY = YES_AGGRESSIVE;
				CLANG_WARN_UNREACHABLE_CODE = YES;
				CLANG_WARN__DUPLICATE_METHOD_MATCH = YES;
				COPY_PHASE_STRIP = NO;
				DEBUG_INFORMATION_FORMAT = dwarf;
				ENABLE_STRICT_OBJC_MSGSEND = YES;
				ENABLE_TESTABILITY = YES;
				GCC_C_LANGUAGE_STANDARD = gnu11;
				GCC_DYNAMIC_NO_PIC = NO;
				GCC_NO_COMMON_BLOCKS = YES;
				GCC_OPTIMIZATION_LEVEL = 0;
				GCC_PREPROCESSOR_DEFINITIONS = (
					"DEBUG=1",
					"$(inherited)",
				);
				GCC_WARN_64_TO_32_BIT_CONVERSION = YES;
				GCC_WARN_ABOUT_RETURN_TYPE = YES_ERROR;
				GCC_WARN_UNDECLARED_SELECTOR = YES;
				GCC_WARN_UNINITIALIZED_AUTOS = YES_AGGRESSIVE;
				GCC_WARN_UNUSED_FUNCTION = YES;
				GCC_WARN_UNUSED_VARIABLE = YES;
				MACOSX_DEPLOYMENT_TARGET = 11.1;
				MTL_ENABLE_DEBUG_INFO = INCLUDE_SOURCE;
				MTL_FAST_MATH = YES;
				ONLY_ACTIVE_ARCH = YES;
				SDKROOT = macosx;
				SWIFT_ACTIVE_COMPILATION_CONDITIONS = DEBUG;
				SWIFT_OPTIMIZATION_LEVEL = "-Onone";
			};
			name = Debug;
		};
		D945A21F25F18B9700FAE62D /* Release */ = {
			isa = XCBuildConfiguration;
			buildSettings = {
				ALWAYS_SEARCH_USER_PATHS = NO;
				CLANG_ANALYZER_NONNULL = YES;
				CLANG_ANALYZER_NUMBER_OBJECT_CONVERSION = YES_AGGRESSIVE;
				CLANG_CXX_LANGUAGE_STANDARD = "gnu++14";
				CLANG_CXX_LIBRARY = "libc++";
				CLANG_ENABLE_MODULES = YES;
				CLANG_ENABLE_OBJC_ARC = YES;
				CLANG_ENABLE_OBJC_WEAK = YES;
				CLANG_WARN_BLOCK_CAPTURE_AUTORELEASING = YES;
				CLANG_WARN_BOOL_CONVERSION = YES;
				CLANG_WARN_COMMA = YES;
				CLANG_WARN_CONSTANT_CONVERSION = YES;
				CLANG_WARN_DEPRECATED_OBJC_IMPLEMENTATIONS = YES;
				CLANG_WARN_DIRECT_OBJC_ISA_USAGE = YES_ERROR;
				CLANG_WARN_DOCUMENTATION_COMMENTS = YES;
				CLANG_WARN_EMPTY_BODY = YES;
				CLANG_WARN_ENUM_CONVERSION = YES;
				CLANG_WARN_INFINITE_RECURSION = YES;
				CLANG_WARN_INT_CONVERSION = YES;
				CLANG_WARN_NON_LITERAL_NULL_CONVERSION = YES;
				CLANG_WARN_OBJC_IMPLICIT_RETAIN_SELF = YES;
				CLANG_WARN_OBJC_LITERAL_CONVERSION = YES;
				CLANG_WARN_OBJC_ROOT_CLASS = YES_ERROR;
				CLANG_WARN_QUOTED_INCLUDE_IN_FRAMEWORK_HEADER = YES;
				CLANG_WARN_RANGE_LOOP_ANALYSIS = YES;
				CLANG_WARN_STRICT_PROTOTYPES = YES;
				CLANG_WARN_SUSPICIOUS_MOVE = YES;
				CLANG_WARN_UNGUARDED_AVAILABILITY = YES_AGGRESSIVE;
				CLANG_WARN_UNREACHABLE_CODE = YES;
				CLANG_WARN__DUPLICATE_METHOD_MATCH = YES;
				COPY_PHASE_STRIP = NO;
				DEBUG_INFORMATION_FORMAT = "dwarf-with-dsym";
				ENABLE_NS_ASSERTIONS = NO;
				ENABLE_STRICT_OBJC_MSGSEND = YES;
				GCC_C_LANGUAGE_STANDARD = gnu11;
				GCC_NO_COMMON_BLOCKS = YES;
				GCC_WARN_64_TO_32_BIT_CONVERSION = YES;
				GCC_WARN_ABOUT_RETURN_TYPE = YES_ERROR;
				GCC_WARN_UNDECLARED_SELECTOR = YES;
				GCC_WARN_UNINITIALIZED_AUTOS = YES_AGGRESSIVE;
				GCC_WARN_UNUSED_FUNCTION = YES;
				GCC_WARN_UNUSED_VARIABLE = YES;
				MACOSX_DEPLOYMENT_TARGET = 11.1;
				MTL_ENABLE_DEBUG_INFO = NO;
				MTL_FAST_MATH = YES;
				SDKROOT = macosx;
				SWIFT_COMPILATION_MODE = wholemodule;
				SWIFT_OPTIMIZATION_LEVEL = "-O";
			};
			name = Release;
		};
		D945A22125F18B9700FAE62D /* Debug */ = {
			isa = XCBuildConfiguration;
			buildSettings = {
				ASSETCATALOG_COMPILER_APPICON_NAME = AppIcon;
				ASSETCATALOG_COMPILER_GLOBAL_ACCENT_COLOR_NAME = AccentColor;
				CODE_SIGN_ENTITLEMENTS = SKTetris/SKTetris.entitlements;
				CODE_SIGN_IDENTITY = "-";
				CODE_SIGN_STYLE = Automatic;
				COMBINE_HIDPI_IMAGES = YES;
				CURRENT_PROJECT_VERSION = 2;
				DEVELOPMENT_ASSET_PATHS = "";
				DEVELOPMENT_TEAM = 5L9YG7YEUA;
				ENABLE_HARDENED_RUNTIME = YES;
				ENABLE_PREVIEWS = YES;
				INFOPLIST_FILE = "SKTetris-macOS/Info.plist";
				LD_RUNPATH_SEARCH_PATHS = (
					"$(inherited)",
					"@executable_path/../Frameworks",
				);
				MACOSX_DEPLOYMENT_TARGET = 10.15;
				MARKETING_VERSION = 1.0.1;
				PRODUCT_BUNDLE_IDENTIFIER = com.xhaleera.SKTetris.macOS;
				PRODUCT_NAME = "$(TARGET_NAME)";
				SWIFT_VERSION = 5.0;
			};
			name = Debug;
		};
		D945A22225F18B9700FAE62D /* Release */ = {
			isa = XCBuildConfiguration;
			buildSettings = {
				ASSETCATALOG_COMPILER_APPICON_NAME = AppIcon;
				ASSETCATALOG_COMPILER_GLOBAL_ACCENT_COLOR_NAME = AccentColor;
				CODE_SIGN_ENTITLEMENTS = SKTetris/SKTetris.entitlements;
				CODE_SIGN_IDENTITY = "-";
				CODE_SIGN_STYLE = Automatic;
				COMBINE_HIDPI_IMAGES = YES;
				CURRENT_PROJECT_VERSION = 2;
				DEVELOPMENT_ASSET_PATHS = "";
				DEVELOPMENT_TEAM = 5L9YG7YEUA;
				ENABLE_HARDENED_RUNTIME = YES;
				ENABLE_PREVIEWS = YES;
				INFOPLIST_FILE = "SKTetris-macOS/Info.plist";
				LD_RUNPATH_SEARCH_PATHS = (
					"$(inherited)",
					"@executable_path/../Frameworks",
				);
				MACOSX_DEPLOYMENT_TARGET = 10.15;
				MARKETING_VERSION = 1.0.1;
				PRODUCT_BUNDLE_IDENTIFIER = com.xhaleera.SKTetris.macOS;
				PRODUCT_NAME = "$(TARGET_NAME)";
				SWIFT_VERSION = 5.0;
			};
			name = Release;
		};
		D99888672654E087002A22EA /* Debug */ = {
			isa = XCBuildConfiguration;
			buildSettings = {
				ASSETCATALOG_COMPILER_APPICON_NAME = AppIcon;
				ASSETCATALOG_COMPILER_GLOBAL_ACCENT_COLOR_NAME = AccentColor;
				CODE_SIGN_STYLE = Automatic;
				DEVELOPMENT_ASSET_PATHS = "";
				DEVELOPMENT_TEAM = 5L9YG7YEUA;
				ENABLE_PREVIEWS = YES;
				INFOPLIST_FILE = "SKTetris-iOS/Info.plist";
				IPHONEOS_DEPLOYMENT_TARGET = 13.0;
				LD_RUNPATH_SEARCH_PATHS = (
					"$(inherited)",
					"@executable_path/Frameworks",
				);
				PRODUCT_BUNDLE_IDENTIFIER = com.xhaleera.SKTetris.iOS;
				PRODUCT_NAME = "$(TARGET_NAME)";
				SDKROOT = iphoneos;
				SWIFT_VERSION = 5.0;
				TARGETED_DEVICE_FAMILY = "1,2";
			};
			name = Debug;
		};
		D99888682654E087002A22EA /* Release */ = {
			isa = XCBuildConfiguration;
			buildSettings = {
				ASSETCATALOG_COMPILER_APPICON_NAME = AppIcon;
				ASSETCATALOG_COMPILER_GLOBAL_ACCENT_COLOR_NAME = AccentColor;
				CODE_SIGN_STYLE = Automatic;
				DEVELOPMENT_ASSET_PATHS = "";
				DEVELOPMENT_TEAM = 5L9YG7YEUA;
				ENABLE_PREVIEWS = YES;
				INFOPLIST_FILE = "SKTetris-iOS/Info.plist";
				IPHONEOS_DEPLOYMENT_TARGET = 13.0;
				LD_RUNPATH_SEARCH_PATHS = (
					"$(inherited)",
					"@executable_path/Frameworks",
				);
				PRODUCT_BUNDLE_IDENTIFIER = com.xhaleera.SKTetris.iOS;
				PRODUCT_NAME = "$(TARGET_NAME)";
				SDKROOT = iphoneos;
				SWIFT_VERSION = 5.0;
				TARGETED_DEVICE_FAMILY = "1,2";
				VALIDATE_PRODUCT = YES;
			};
			name = Release;
		};
/* End XCBuildConfiguration section */

/* Begin XCConfigurationList section */
		D945A20825F18B9500FAE62D /* Build configuration list for PBXProject "SKTetris" */ = {
			isa = XCConfigurationList;
			buildConfigurations = (
				D945A21E25F18B9700FAE62D /* Debug */,
				D945A21F25F18B9700FAE62D /* Release */,
			);
			defaultConfigurationIsVisible = 0;
			defaultConfigurationName = Release;
		};
		D945A22025F18B9700FAE62D /* Build configuration list for PBXNativeTarget "SKTetris-macOS" */ = {
			isa = XCConfigurationList;
			buildConfigurations = (
				D945A22125F18B9700FAE62D /* Debug */,
				D945A22225F18B9700FAE62D /* Release */,
			);
			defaultConfigurationIsVisible = 0;
			defaultConfigurationName = Release;
		};
		D99888662654E087002A22EA /* Build configuration list for PBXNativeTarget "SKTetris-iOS" */ = {
			isa = XCConfigurationList;
			buildConfigurations = (
				D99888672654E087002A22EA /* Debug */,
				D99888682654E087002A22EA /* Release */,
			);
			defaultConfigurationIsVisible = 0;
			defaultConfigurationName = Release;
		};
/* End XCConfigurationList section */
	};
	rootObject = D945A20525F18B9500FAE62D /* Project object */;
}
